{
    "name": "cafe-node-utility",
    "version": "1.0.0",
    "lockfileVersion": 2,
    "requires": true,
    "packages": {
        "": {
            "name": "cafe-node-utility",
            "version": "1.0.0",
            "license": "ISC",
            "dependencies": {
                "cafe-utility": "^5.0.0"
            }
        },
        "node_modules/cafe-utility": {
            "version": "5.0.0",
            "resolved": "https://registry.npmjs.org/cafe-utility/-/cafe-utility-5.0.0.tgz",
            "integrity": "sha512-SVZuDxK5QIHJeoX2x4dP3XV1zAkuhvD8Ie1MZzPn/flT20lRRsvCJdcd9MvAldsXnUyzAOxaxHFjOMi2yzd5fQ=="
        }
    },
    "dependencies": {
        "cafe-utility": {
            "version": "5.0.0",
            "resolved": "https://registry.npmjs.org/cafe-utility/-/cafe-utility-5.0.0.tgz",
            "integrity": "sha512-SVZuDxK5QIHJeoX2x4dP3XV1zAkuhvD8Ie1MZzPn/flT20lRRsvCJdcd9MvAldsXnUyzAOxaxHFjOMi2yzd5fQ=="
        }
    }
}
