{
    "name": "cafe-node-utility",
    "version": "1.1.0",
    "lockfileVersion": 2,
    "requires": true,
    "packages": {
        "": {
            "name": "cafe-node-utility",
            "version": "1.1.0",
            "license": "ISC",
            "dependencies": {
                "cafe-utility": "^6.6.0"
            }
        },
        "node_modules/cafe-utility": {
            "version": "6.6.0",
            "resolved": "https://registry.npmjs.org/cafe-utility/-/cafe-utility-6.6.0.tgz",
            "integrity": "sha512-UCp7tHFXXhe5UE8W53O80/7q+oYwbPWfHrBSGqata8RkKvDhGaPZcXYao2CFtAMKVgf+W+eW+WqkQKLxhyFyfw=="
        }
    },
    "dependencies": {
        "cafe-utility": {
            "version": "6.6.0",
            "resolved": "https://registry.npmjs.org/cafe-utility/-/cafe-utility-6.6.0.tgz",
            "integrity": "sha512-UCp7tHFXXhe5UE8W53O80/7q+oYwbPWfHrBSGqata8RkKvDhGaPZcXYao2CFtAMKVgf+W+eW+WqkQKLxhyFyfw=="
        }
    }
}
